
Microsoft Visual Studio Solution File, Format Version 12.00
# Visual Studio 14
VisualStudioVersion = 14.0.25420.1
MinimumVisualStudioVersion = 10.0.40219.1
Project("{FAE04EC0-301F-11D3-BF4B-00C04F79EFBC}") = "Emlak", "Emlak\Emlak.csproj", "{EB380BD4-DD3F-496C-A31B-352DA17A6985}"
EndProject
Global
	GlobalSection(SolutionConfigurationPlatforms) = preSolution
		Debug|Any CPU = Debug|Any CPU
		Release|Any CPU = Release|Any CPU
	EndGlobalSection
	GlobalSection(ProjectConfigurationPlatforms) = postSolution
		{EB380BD4-DD3F-496C-A31B-352DA17A6985}.Debug|Any CPU.ActiveCfg = Debug|Any CPU
		{EB380BD4-DD3F-496C-A31B-352DA17A6985}.Debug|Any CPU.Build.0 = Debug|Any CPU
		{EB380BD4-DD3F-496C-A31B-352DA17A6985}.Release|Any CPU.ActiveCfg = Release|Any CPU
		{EB380BD4-DD3F-496C-A31B-352DA17A6985}.Release|Any CPU.Build.0 = Release|Any CPU
	EndGlobalSection
	GlobalSection(SolutionProperties) = preSolution
		HideSolutionNode = FALSE
	EndGlobalSection
EndGlobal
